
Microsoft Visual Studio Solution File, Format Version 12.00
# Visual Studio Version 17
VisualStudioVersion = 17.6.33723.286
MinimumVisualStudioVersion = 10.0.40219.1
Project("{9A19103F-16F7-4668-BE54-9A1E7A4F7556}") = "Challenge_BP4", "Challeng_BP4\Challenge_BP4.csproj", "{B5E7690D-9953-4F4E-93A6-876AA32815C5}"
EndProject
Project("{9A19103F-16F7-4668-BE54-9A1E7A4F7556}") = "Challenge_BP4.Data", "Challeng_BP4.Data\Challenge_BP4.Data.csproj", "{80917E96-706E-45D3-B50A-5909C266083A}"
EndProject
Project("{9A19103F-16F7-4668-BE54-9A1E7A4F7556}") = "Challenge_BP4.Model", "Challeng_BP4.Model\Challenge_BP4.Model.csproj", "{5B5D56FB-031B-41B0-B011-97F7D15724CD}"
EndProject
Global
	GlobalSection(SolutionConfigurationPlatforms) = preSolution
		Debug|Any CPU = Debug|Any CPU
		Release|Any CPU = Release|Any CPU
	EndGlobalSection
	GlobalSection(ProjectConfigurationPlatforms) = postSolution
		{B5E7690D-9953-4F4E-93A6-876AA32815C5}.Debug|Any CPU.ActiveCfg = Debug|Any CPU
		{B5E7690D-9953-4F4E-93A6-876AA32815C5}.Debug|Any CPU.Build.0 = Debug|Any CPU
		{B5E7690D-9953-4F4E-93A6-876AA32815C5}.Release|Any CPU.ActiveCfg = Release|Any CPU
		{B5E7690D-9953-4F4E-93A6-876AA32815C5}.Release|Any CPU.Build.0 = Release|Any CPU
		{80917E96-706E-45D3-B50A-5909C266083A}.Debug|Any CPU.ActiveCfg = Debug|Any CPU
		{80917E96-706E-45D3-B50A-5909C266083A}.Debug|Any CPU.Build.0 = Debug|Any CPU
		{80917E96-706E-45D3-B50A-5909C266083A}.Release|Any CPU.ActiveCfg = Release|Any CPU
		{80917E96-706E-45D3-B50A-5909C266083A}.Release|Any CPU.Build.0 = Release|Any CPU
		{5B5D56FB-031B-41B0-B011-97F7D15724CD}.Debug|Any CPU.ActiveCfg = Debug|Any CPU
		{5B5D56FB-031B-41B0-B011-97F7D15724CD}.Debug|Any CPU.Build.0 = Debug|Any CPU
		{5B5D56FB-031B-41B0-B011-97F7D15724CD}.Release|Any CPU.ActiveCfg = Release|Any CPU
		{5B5D56FB-031B-41B0-B011-97F7D15724CD}.Release|Any CPU.Build.0 = Release|Any CPU
	EndGlobalSection
	GlobalSection(SolutionProperties) = preSolution
		HideSolutionNode = FALSE
	EndGlobalSection
	GlobalSection(ExtensibilityGlobals) = postSolution
		SolutionGuid = {EF81ECB3-2340-4279-A4EB-423A06052177}
	EndGlobalSection
EndGlobal
